
Microsoft Visual Studio Solution File, Format Version 12.00
# Visual Studio Version 16
VisualStudioVersion = 16.0.31005.135
MinimumVisualStudioVersion = 10.0.40219.1
Project("{FAE04EC0-301F-11D3-BF4B-00C04F79EFBC}") = "ExperienceSync", "ExperienceSync\ExperienceSync.csproj", "{FE778427-2E2D-44ED-8E71-4652355CA159}"
EndProject
Global
	GlobalSection(SolutionConfigurationPlatforms) = preSolution
		Debug|Any CPU = Debug|Any CPU
		Release|Any CPU = Release|Any CPU
	EndGlobalSection
	GlobalSection(ProjectConfigurationPlatforms) = postSolution
		{FE778427-2E2D-44ED-8E71-4652355CA159}.Debug|Any CPU.ActiveCfg = Debug|Any CPU
		{FE778427-2E2D-44ED-8E71-4652355CA159}.Debug|Any CPU.Build.0 = Debug|Any CPU
		{FE778427-2E2D-44ED-8E71-4652355CA159}.Release|Any CPU.ActiveCfg = Release|Any CPU
		{FE778427-2E2D-44ED-8E71-4652355CA159}.Release|Any CPU.Build.0 = Release|Any CPU
	EndGlobalSection
	GlobalSection(SolutionProperties) = preSolution
		HideSolutionNode = FALSE
	EndGlobalSection
	GlobalSection(ExtensibilityGlobals) = postSolution
		SolutionGuid = {80A9490C-9043-47A3-9D52-BA4815A6136B}
	EndGlobalSection
EndGlobal
